// !$*UTF8*$!
{
	archiveVersion = 1;
	classes = {
	};
	objectVersion = 50;
	objects = {

/* Begin PBXBuildFile section */
		713F0098265758EA0000AE0D /* AppDelegate.swift in Sources */ = {isa = PBXBuildFile; fileRef = 713F0097265758EA0000AE0D /* AppDelegate.swift */; };
		713F009A265758EA0000AE0D /* SceneDelegate.swift in Sources */ = {isa = PBXBuildFile; fileRef = 713F0099265758EA0000AE0D /* SceneDelegate.swift */; };
		713F009C265758EA0000AE0D /* FriendsViewController.swift in Sources */ = {isa = PBXBuildFile; fileRef = 713F009B265758EA0000AE0D /* FriendsViewController.swift */; };
		713F00A1265758EA0000AE0D /* Assets.xcassets in Resources */ = {isa = PBXBuildFile; fileRef = 713F00A0265758EA0000AE0D /* Assets.xcassets */; };
		713F00A4265758EA0000AE0D /* LaunchScreen.storyboard in Resources */ = {isa = PBXBuildFile; fileRef = 713F00A2265758EA0000AE0D /* LaunchScreen.storyboard */; };
		713F00B1265766450000AE0D /* NetworkService.swift in Sources */ = {isa = PBXBuildFile; fileRef = 713F00B0265766450000AE0D /* NetworkService.swift */; };
		713F00B326576ACA0000AE0D /* FriendsViewModel.swift in Sources */ = {isa = PBXBuildFile; fileRef = 713F00B226576ACA0000AE0D /* FriendsViewModel.swift */; };
		713F00B526576ADA0000AE0D /* FriendDetailViewModel.swift in Sources */ = {isa = PBXBuildFile; fileRef = 713F00B426576ADA0000AE0D /* FriendDetailViewModel.swift */; };
		713F00B726576AF30000AE0D /* FriendsModel.swift in Sources */ = {isa = PBXBuildFile; fileRef = 713F00B626576AF30000AE0D /* FriendsModel.swift */; };
		713F00B926576B100000AE0D /* FriendsDetailModel.swift in Sources */ = {isa = PBXBuildFile; fileRef = 713F00B826576B100000AE0D /* FriendsDetailModel.swift */; };
		715B78DD2657A22B00F33636 /* FriendsViewModelProtocol.swift in Sources */ = {isa = PBXBuildFile; fileRef = 715B78DC2657A22B00F33636 /* FriendsViewModelProtocol.swift */; };
		715B78DF2657A52800F33636 /* FriendsViewControllerRouter.swift in Sources */ = {isa = PBXBuildFile; fileRef = 715B78DE2657A52800F33636 /* FriendsViewControllerRouter.swift */; };
		715B78E22657AD3600F33636 /* FriendsViewCollectionViewCell.swift in Sources */ = {isa = PBXBuildFile; fileRef = 715B78E12657AD3600F33636 /* FriendsViewCollectionViewCell.swift */; };
		715B78E52657AED200F33636 /* CustomImageView.swift in Sources */ = {isa = PBXBuildFile; fileRef = 715B78E42657AED200F33636 /* CustomImageView.swift */; };
		715B78E72657B58A00F33636 /* CardView.swift in Sources */ = {isa = PBXBuildFile; fileRef = 715B78E62657B58A00F33636 /* CardView.swift */; };
		715B78EA2657B5FC00F33636 /* UIImageView.swift in Sources */ = {isa = PBXBuildFile; fileRef = 715B78E92657B5FC00F33636 /* UIImageView.swift */; };
		717CBFA32657D976000D1C4D /* FriendsViewCollectionViewCellModel.swift in Sources */ = {isa = PBXBuildFile; fileRef = 717CBFA22657D976000D1C4D /* FriendsViewCollectionViewCellModel.swift */; };
		71EE530C2658005A006A2F32 /* FriendsDetailViewController.swift in Sources */ = {isa = PBXBuildFile; fileRef = 71EE530B2658005A006A2F32 /* FriendsDetailViewController.swift */; };
		71EE53112658012D006A2F32 /* FriendsDetailViewControllerRouter.swift in Sources */ = {isa = PBXBuildFile; fileRef = 71EE53102658012D006A2F32 /* FriendsDetailViewControllerRouter.swift */; };
		71EE531326580154006A2F32 /* FriendsDetailViewProtocol.swift in Sources */ = {isa = PBXBuildFile; fileRef = 71EE531226580154006A2F32 /* FriendsDetailViewProtocol.swift */; };
/* End PBXBuildFile section */

/* Begin PBXFileReference section */
		713F0094265758EA0000AE0D /* Friends.app */ = {isa = PBXFileReference; explicitFileType = wrapper.application; includeInIndex = 0; path = Friends.app; sourceTree = BUILT_PRODUCTS_DIR; };
		713F0097265758EA0000AE0D /* AppDelegate.swift */ = {isa = PBXFileReference; lastKnownFileType = sourcecode.swift; path = AppDelegate.swift; sourceTree = "<group>"; };
		713F0099265758EA0000AE0D /* SceneDelegate.swift */ = {isa = PBXFileReference; lastKnownFileType = sourcecode.swift; path = SceneDelegate.swift; sourceTree = "<group>"; };
		713F009B265758EA0000AE0D /* FriendsViewController.swift */ = {isa = PBXFileReference; lastKnownFileType = sourcecode.swift; path = FriendsViewController.swift; sourceTree = "<group>"; };
		713F00A0265758EA0000AE0D /* Assets.xcassets */ = {isa = PBXFileReference; lastKnownFileType = folder.assetcatalog; path = Assets.xcassets; sourceTree = "<group>"; };
		713F00A3265758EA0000AE0D /* Base */ = {isa = PBXFileReference; lastKnownFileType = file.storyboard; name = Base; path = Base.lproj/LaunchScreen.storyboard; sourceTree = "<group>"; };
		713F00A5265758EA0000AE0D /* Info.plist */ = {isa = PBXFileReference; lastKnownFileType = text.plist.xml; path = Info.plist; sourceTree = "<group>"; };
		713F00B0265766450000AE0D /* NetworkService.swift */ = {isa = PBXFileReference; lastKnownFileType = sourcecode.swift; path = NetworkService.swift; sourceTree = "<group>"; };
		713F00B226576ACA0000AE0D /* FriendsViewModel.swift */ = {isa = PBXFileReference; lastKnownFileType = sourcecode.swift; path = FriendsViewModel.swift; sourceTree = "<group>"; };
		713F00B426576ADA0000AE0D /* FriendDetailViewModel.swift */ = {isa = PBXFileReference; lastKnownFileType = sourcecode.swift; path = FriendDetailViewModel.swift; sourceTree = "<group>"; };
		713F00B626576AF30000AE0D /* FriendsModel.swift */ = {isa = PBXFileReference; lastKnownFileType = sourcecode.swift; path = FriendsModel.swift; sourceTree = "<group>"; };
		713F00B826576B100000AE0D /* FriendsDetailModel.swift */ = {isa = PBXFileReference; lastKnownFileType = sourcecode.swift; path = FriendsDetailModel.swift; sourceTree = "<group>"; };
		715B78DC2657A22B00F33636 /* FriendsViewModelProtocol.swift */ = {isa = PBXFileReference; lastKnownFileType = sourcecode.swift; path = FriendsViewModelProtocol.swift; sourceTree = "<group>"; };
		715B78DE2657A52800F33636 /* FriendsViewControllerRouter.swift */ = {isa = PBXFileReference; lastKnownFileType = sourcecode.swift; path = FriendsViewControllerRouter.swift; sourceTree = "<group>"; };
		715B78E12657AD3600F33636 /* FriendsViewCollectionViewCell.swift */ = {isa = PBXFileReference; lastKnownFileType = sourcecode.swift; path = FriendsViewCollectionViewCell.swift; sourceTree = "<group>"; };
		715B78E42657AED200F33636 /* CustomImageView.swift */ = {isa = PBXFileReference; lastKnownFileType = sourcecode.swift; path = CustomImageView.swift; sourceTree = "<group>"; };
		715B78E62657B58A00F33636 /* CardView.swift */ = {isa = PBXFileReference; lastKnownFileType = sourcecode.swift; path = CardView.swift; sourceTree = "<group>"; };
		715B78E92657B5FC00F33636 /* UIImageView.swift */ = {isa = PBXFileReference; lastKnownFileType = sourcecode.swift; path = UIImageView.swift; sourceTree = "<group>"; };
		717CBFA22657D976000D1C4D /* FriendsViewCollectionViewCellModel.swift */ = {isa = PBXFileReference; lastKnownFileType = sourcecode.swift; path = FriendsViewCollectionViewCellModel.swift; sourceTree = "<group>"; };
		71EE530B2658005A006A2F32 /* FriendsDetailViewController.swift */ = {isa = PBXFileReference; lastKnownFileType = sourcecode.swift; path = FriendsDetailViewController.swift; sourceTree = "<group>"; };
		71EE53102658012D006A2F32 /* FriendsDetailViewControllerRouter.swift */ = {isa = PBXFileReference; lastKnownFileType = sourcecode.swift; path = FriendsDetailViewControllerRouter.swift; sourceTree = "<group>"; };
		71EE531226580154006A2F32 /* FriendsDetailViewProtocol.swift */ = {isa = PBXFileReference; lastKnownFileType = sourcecode.swift; path = FriendsDetailViewProtocol.swift; sourceTree = "<group>"; };
/* End PBXFileReference section */

/* Begin PBXFrameworksBuildPhase section */
		713F0091265758EA0000AE0D /* Frameworks */ = {
			isa = PBXFrameworksBuildPhase;
			buildActionMask = 2147483647;
			files = (
			);
			runOnlyForDeploymentPostprocessing = 0;
		};
/* End PBXFrameworksBuildPhase section */

/* Begin PBXGroup section */
		713F008B265758EA0000AE0D = {
			isa = PBXGroup;
			children = (
				713F0096265758EA0000AE0D /* Friends */,
				713F0095265758EA0000AE0D /* Products */,
			);
			sourceTree = "<group>";
		};
		713F0095265758EA0000AE0D /* Products */ = {
			isa = PBXGroup;
			children = (
				713F0094265758EA0000AE0D /* Friends.app */,
			);
			name = Products;
			sourceTree = "<group>";
		};
		713F0096265758EA0000AE0D /* Friends */ = {
			isa = PBXGroup;
			children = (
				713F00AB265761F10000AE0D /* Model */,
				715B78DB2657A1E700F33636 /* Main Views */,
				713F00AF2657660F0000AE0D /* Service */,
				713F00AE265762230000AE0D /* Utils */,
				713F0097265758EA0000AE0D /* AppDelegate.swift */,
				713F0099265758EA0000AE0D /* SceneDelegate.swift */,
				713F00A0265758EA0000AE0D /* Assets.xcassets */,
				713F00A2265758EA0000AE0D /* LaunchScreen.storyboard */,
				713F00A5265758EA0000AE0D /* Info.plist */,
			);
			path = Friends;
			sourceTree = "<group>";
		};
		713F00AB265761F10000AE0D /* Model */ = {
			isa = PBXGroup;
			children = (
				713F00B626576AF30000AE0D /* FriendsModel.swift */,
				713F00B826576B100000AE0D /* FriendsDetailModel.swift */,
			);
			path = Model;
			sourceTree = "<group>";
		};
		713F00AE265762230000AE0D /* Utils */ = {
			isa = PBXGroup;
			children = (
				715B78E82657B5E800F33636 /* Extenstion */,
				715B78E32657AEAF00F33636 /* View Components */,
			);
			path = Utils;
			sourceTree = "<group>";
		};
		713F00AF2657660F0000AE0D /* Service */ = {
			isa = PBXGroup;
			children = (
				713F00B0265766450000AE0D /* NetworkService.swift */,
			);
			path = Service;
			sourceTree = "<group>";
		};
		715B78D52657A03F00F33636 /* Friends Home */ = {
			isa = PBXGroup;
			children = (
				715B78D92657A1AC00F33636 /* Routers */,
				715B78D82657A19F00F33636 /* Protocols */,
				715B78ED2657C67E00F33636 /* View */,
				715B78EC2657C63300F33636 /* ViewModel */,
			);
			path = "Friends Home";
			sourceTree = "<group>";
		};
		715B78D62657A0C100F33636 /* Firends Detail */ = {
			isa = PBXGroup;
			children = (
				71EE530F2658007E006A2F32 /* Protocol */,
				71EE530D26580071006A2F32 /* Router */,
				71EE530A26580023006A2F32 /* View */,
				715B78D72657A15E00F33636 /* ViewModel */,
			);
			path = "Firends Detail";
			sourceTree = "<group>";
		};
		715B78D72657A15E00F33636 /* ViewModel */ = {
			isa = PBXGroup;
			children = (
				713F00B426576ADA0000AE0D /* FriendDetailViewModel.swift */,
			);
			path = ViewModel;
			sourceTree = "<group>";
		};
		715B78D82657A19F00F33636 /* Protocols */ = {
			isa = PBXGroup;
			children = (
				715B78DC2657A22B00F33636 /* FriendsViewModelProtocol.swift */,
			);
			path = Protocols;
			sourceTree = "<group>";
		};
		715B78D92657A1AC00F33636 /* Routers */ = {
			isa = PBXGroup;
			children = (
				715B78DE2657A52800F33636 /* FriendsViewControllerRouter.swift */,
			);
			path = Routers;
			sourceTree = "<group>";
		};
		715B78DB2657A1E700F33636 /* Main Views */ = {
			isa = PBXGroup;
			children = (
				715B78D52657A03F00F33636 /* Friends Home */,
				715B78D62657A0C100F33636 /* Firends Detail */,
			);
			path = "Main Views";
			sourceTree = "<group>";
		};
		715B78E02657AD1B00F33636 /* Cell */ = {
			isa = PBXGroup;
			children = (
				717CBFA12657D94B000D1C4D /* Cell Model */,
				715B78E12657AD3600F33636 /* FriendsViewCollectionViewCell.swift */,
			);
			path = Cell;
			sourceTree = "<group>";
		};
		715B78E32657AEAF00F33636 /* View Components */ = {
			isa = PBXGroup;
			children = (
				715B78E42657AED200F33636 /* CustomImageView.swift */,
				715B78E62657B58A00F33636 /* CardView.swift */,
			);
			path = "View Components";
			sourceTree = "<group>";
		};
		715B78E82657B5E800F33636 /* Extenstion */ = {
			isa = PBXGroup;
			children = (
				715B78E92657B5FC00F33636 /* UIImageView.swift */,
			);
			path = Extenstion;
			sourceTree = "<group>";
		};
		715B78EC2657C63300F33636 /* ViewModel */ = {
			isa = PBXGroup;
			children = (
				713F00B226576ACA0000AE0D /* FriendsViewModel.swift */,
			);
			path = ViewModel;
			sourceTree = "<group>";
		};
		715B78ED2657C67E00F33636 /* View */ = {
			isa = PBXGroup;
			children = (
				715B78E02657AD1B00F33636 /* Cell */,
				713F009B265758EA0000AE0D /* FriendsViewController.swift */,
			);
			path = View;
			sourceTree = "<group>";
		};
		717CBFA12657D94B000D1C4D /* Cell Model */ = {
			isa = PBXGroup;
			children = (
				717CBFA22657D976000D1C4D /* FriendsViewCollectionViewCellModel.swift */,
			);
			path = "Cell Model";
			sourceTree = "<group>";
		};
		71EE530A26580023006A2F32 /* View */ = {
			isa = PBXGroup;
			children = (
				71EE530B2658005A006A2F32 /* FriendsDetailViewController.swift */,
			);
			name = View;
			sourceTree = "<group>";
		};
		71EE530D26580071006A2F32 /* Router */ = {
			isa = PBXGroup;
			children = (
				71EE53102658012D006A2F32 /* FriendsDetailViewControllerRouter.swift */,
			);
			path = Router;
			sourceTree = "<group>";
		};
		71EE530F2658007E006A2F32 /* Protocol */ = {
			isa = PBXGroup;
			children = (
				71EE531226580154006A2F32 /* FriendsDetailViewProtocol.swift */,
			);
			path = Protocol;
			sourceTree = "<group>";
		};
/* End PBXGroup section */

/* Begin PBXNativeTarget section */
		713F0093265758EA0000AE0D /* Friends */ = {
			isa = PBXNativeTarget;
			buildConfigurationList = 713F00A8265758EA0000AE0D /* Build configuration list for PBXNativeTarget "Friends" */;
			buildPhases = (
				713F0090265758EA0000AE0D /* Sources */,
				713F0091265758EA0000AE0D /* Frameworks */,
				713F0092265758EA0000AE0D /* Resources */,
			);
			buildRules = (
			);
			dependencies = (
			);
			name = Friends;
			productName = Friends;
			productReference = 713F0094265758EA0000AE0D /* Friends.app */;
			productType = "com.apple.product-type.application";
		};
/* End PBXNativeTarget section */

/* Begin PBXProject section */
		713F008C265758EA0000AE0D /* Project object */ = {
			isa = PBXProject;
			attributes = {
				LastSwiftUpdateCheck = 1250;
				LastUpgradeCheck = 1250;
				TargetAttributes = {
					713F0093265758EA0000AE0D = {
						CreatedOnToolsVersion = 12.5;
					};
				};
			};
			buildConfigurationList = 713F008F265758EA0000AE0D /* Build configuration list for PBXProject "Friends" */;
			compatibilityVersion = "Xcode 9.3";
			developmentRegion = en;
			hasScannedForEncodings = 0;
			knownRegions = (
				en,
				Base,
			);
			mainGroup = 713F008B265758EA0000AE0D;
			productRefGroup = 713F0095265758EA0000AE0D /* Products */;
			projectDirPath = "";
			projectRoot = "";
			targets = (
				713F0093265758EA0000AE0D /* Friends */,
			);
		};
/* End PBXProject section */

/* Begin PBXResourcesBuildPhase section */
		713F0092265758EA0000AE0D /* Resources */ = {
			isa = PBXResourcesBuildPhase;
			buildActionMask = 2147483647;
			files = (
				713F00A4265758EA0000AE0D /* LaunchScreen.storyboard in Resources */,
				713F00A1265758EA0000AE0D /* Assets.xcassets in Resources */,
			);
			runOnlyForDeploymentPostprocessing = 0;
		};
/* End PBXResourcesBuildPhase section */

/* Begin PBXSourcesBuildPhase section */
		713F0090265758EA0000AE0D /* Sources */ = {
			isa = PBXSourcesBuildPhase;
			buildActionMask = 2147483647;
			files = (
				713F00B1265766450000AE0D /* NetworkService.swift in Sources */,
				715B78E52657AED200F33636 /* CustomImageView.swift in Sources */,
				715B78EA2657B5FC00F33636 /* UIImageView.swift in Sources */,
				713F00B526576ADA0000AE0D /* FriendDetailViewModel.swift in Sources */,
				713F00B926576B100000AE0D /* FriendsDetailModel.swift in Sources */,
				715B78DF2657A52800F33636 /* FriendsViewControllerRouter.swift in Sources */,
				713F009C265758EA0000AE0D /* FriendsViewController.swift in Sources */,
				715B78E22657AD3600F33636 /* FriendsViewCollectionViewCell.swift in Sources */,
				715B78E72657B58A00F33636 /* CardView.swift in Sources */,
				71EE53112658012D006A2F32 /* FriendsDetailViewControllerRouter.swift in Sources */,
				713F0098265758EA0000AE0D /* AppDelegate.swift in Sources */,
				717CBFA32657D976000D1C4D /* FriendsViewCollectionViewCellModel.swift in Sources */,
				71EE530C2658005A006A2F32 /* FriendsDetailViewController.swift in Sources */,
				71EE531326580154006A2F32 /* FriendsDetailViewProtocol.swift in Sources */,
				713F00B726576AF30000AE0D /* FriendsModel.swift in Sources */,
				713F009A265758EA0000AE0D /* SceneDelegate.swift in Sources */,
				715B78DD2657A22B00F33636 /* FriendsViewModelProtocol.swift in Sources */,
				713F00B326576ACA0000AE0D /* FriendsViewModel.swift in Sources */,
			);
			runOnlyForDeploymentPostprocessing = 0;
		};
/* End PBXSourcesBuildPhase section */

/* Begin PBXVariantGroup section */
		713F00A2265758EA0000AE0D /* LaunchScreen.storyboard */ = {
			isa = PBXVariantGroup;
			children = (
				713F00A3265758EA0000AE0D /* Base */,
			);
			name = LaunchScreen.storyboard;
			sourceTree = "<group>";
		};
/* End PBXVariantGroup section */

/* Begin XCBuildConfiguration section */
		713F00A6265758EA0000AE0D /* Debug */ = {
			isa = XCBuildConfiguration;
			buildSettings = {
				ALWAYS_SEARCH_USER_PATHS = NO;
				CLANG_ANALYZER_NONNULL = YES;
				CLANG_ANALYZER_NUMBER_OBJECT_CONVERSION = YES_AGGRESSIVE;
				CLANG_CXX_LANGUAGE_STANDARD = "gnu++14";
				CLANG_CXX_LIBRARY = "libc++";
				CLANG_ENABLE_MODULES = YES;
				CLANG_ENABLE_OBJC_ARC = YES;
				CLANG_ENABLE_OBJC_WEAK = YES;
				CLANG_WARN_BLOCK_CAPTURE_AUTORELEASING = YES;
				CLANG_WARN_BOOL_CONVERSION = YES;
				CLANG_WARN_COMMA = YES;
				CLANG_WARN_CONSTANT_CONVERSION = YES;
				CLANG_WARN_DEPRECATED_OBJC_IMPLEMENTATIONS = YES;
				CLANG_WARN_DIRECT_OBJC_ISA_USAGE = YES_ERROR;
				CLANG_WARN_DOCUMENTATION_COMMENTS = YES;
				CLANG_WARN_EMPTY_BODY = YES;
				CLANG_WARN_ENUM_CONVERSION = YES;
				CLANG_WARN_INFINITE_RECURSION = YES;
				CLANG_WARN_INT_CONVERSION = YES;
				CLANG_WARN_NON_LITERAL_NULL_CONVERSION = YES;
				CLANG_WARN_OBJC_IMPLICIT_RETAIN_SELF = YES;
				CLANG_WARN_OBJC_LITERAL_CONVERSION = YES;
				CLANG_WARN_OBJC_ROOT_CLASS = YES_ERROR;
				CLANG_WARN_QUOTED_INCLUDE_IN_FRAMEWORK_HEADER = YES;
				CLANG_WARN_RANGE_LOOP_ANALYSIS = YES;
				CLANG_WARN_STRICT_PROTOTYPES = YES;
				CLANG_WARN_SUSPICIOUS_MOVE = YES;
				CLANG_WARN_UNGUARDED_AVAILABILITY = YES_AGGRESSIVE;
				CLANG_WARN_UNREACHABLE_CODE = YES;
				CLANG_WARN__DUPLICATE_METHOD_MATCH = YES;
				COPY_PHASE_STRIP = NO;
				DEBUG_INFORMATION_FORMAT = dwarf;
				ENABLE_STRICT_OBJC_MSGSEND = YES;
				ENABLE_TESTABILITY = YES;
				GCC_C_LANGUAGE_STANDARD = gnu11;
				GCC_DYNAMIC_NO_PIC = NO;
				GCC_NO_COMMON_BLOCKS = YES;
				GCC_OPTIMIZATION_LEVEL = 0;
				GCC_PREPROCESSOR_DEFINITIONS = (
					"DEBUG=1",
					"$(inherited)",
				);
				GCC_WARN_64_TO_32_BIT_CONVERSION = YES;
				GCC_WARN_ABOUT_RETURN_TYPE = YES_ERROR;
				GCC_WARN_UNDECLARED_SELECTOR = YES;
				GCC_WARN_UNINITIALIZED_AUTOS = YES_AGGRESSIVE;
				GCC_WARN_UNUSED_FUNCTION = YES;
				GCC_WARN_UNUSED_VARIABLE = YES;
				IPHONEOS_DEPLOYMENT_TARGET = 14.5;
				MTL_ENABLE_DEBUG_INFO = INCLUDE_SOURCE;
				MTL_FAST_MATH = YES;
				ONLY_ACTIVE_ARCH = YES;
				SDKROOT = iphoneos;
				SWIFT_ACTIVE_COMPILATION_CONDITIONS = DEBUG;
				SWIFT_OPTIMIZATION_LEVEL = "-Onone";
			};
			name = Debug;
		};
		713F00A7265758EA0000AE0D /* Release */ = {
			isa = XCBuildConfiguration;
			buildSettings = {
				ALWAYS_SEARCH_USER_PATHS = NO;
				CLANG_ANALYZER_NONNULL = YES;
				CLANG_ANALYZER_NUMBER_OBJECT_CONVERSION = YES_AGGRESSIVE;
				CLANG_CXX_LANGUAGE_STANDARD = "gnu++14";
				CLANG_CXX_LIBRARY = "libc++";
				CLANG_ENABLE_MODULES = YES;
				CLANG_ENABLE_OBJC_ARC = YES;
				CLANG_ENABLE_OBJC_WEAK = YES;
				CLANG_WARN_BLOCK_CAPTURE_AUTORELEASING = YES;
				CLANG_WARN_BOOL_CONVERSION = YES;
				CLANG_WARN_COMMA = YES;
				CLANG_WARN_CONSTANT_CONVERSION = YES;
				CLANG_WARN_DEPRECATED_OBJC_IMPLEMENTATIONS = YES;
				CLANG_WARN_DIRECT_OBJC_ISA_USAGE = YES_ERROR;
				CLANG_WARN_DOCUMENTATION_COMMENTS = YES;
				CLANG_WARN_EMPTY_BODY = YES;
				CLANG_WARN_ENUM_CONVERSION = YES;
				CLANG_WARN_INFINITE_RECURSION = YES;
				CLANG_WARN_INT_CONVERSION = YES;
				CLANG_WARN_NON_LITERAL_NULL_CONVERSION = YES;
				CLANG_WARN_OBJC_IMPLICIT_RETAIN_SELF = YES;
				CLANG_WARN_OBJC_LITERAL_CONVERSION = YES;
				CLANG_WARN_OBJC_ROOT_CLASS = YES_ERROR;
				CLANG_WARN_QUOTED_INCLUDE_IN_FRAMEWORK_HEADER = YES;
				CLANG_WARN_RANGE_LOOP_ANALYSIS = YES;
				CLANG_WARN_STRICT_PROTOTYPES = YES;
				CLANG_WARN_SUSPICIOUS_MOVE = YES;
				CLANG_WARN_UNGUARDED_AVAILABILITY = YES_AGGRESSIVE;
				CLANG_WARN_UNREACHABLE_CODE = YES;
				CLANG_WARN__DUPLICATE_METHOD_MATCH = YES;
				COPY_PHASE_STRIP = NO;
				DEBUG_INFORMATION_FORMAT = "dwarf-with-dsym";
				ENABLE_NS_ASSERTIONS = NO;
				ENABLE_STRICT_OBJC_MSGSEND = YES;
				GCC_C_LANGUAGE_STANDARD = gnu11;
				GCC_NO_COMMON_BLOCKS = YES;
				GCC_WARN_64_TO_32_BIT_CONVERSION = YES;
				GCC_WARN_ABOUT_RETURN_TYPE = YES_ERROR;
				GCC_WARN_UNDECLARED_SELECTOR = YES;
				GCC_WARN_UNINITIALIZED_AUTOS = YES_AGGRESSIVE;
				GCC_WARN_UNUSED_FUNCTION = YES;
				GCC_WARN_UNUSED_VARIABLE = YES;
				IPHONEOS_DEPLOYMENT_TARGET = 14.5;
				MTL_ENABLE_DEBUG_INFO = NO;
				MTL_FAST_MATH = YES;
				SDKROOT = iphoneos;
				SWIFT_COMPILATION_MODE = wholemodule;
				SWIFT_OPTIMIZATION_LEVEL = "-O";
				VALIDATE_PRODUCT = YES;
			};
			name = Release;
		};
		713F00A9265758EA0000AE0D /* Debug */ = {
			isa = XCBuildConfiguration;
			buildSettings = {
				ASSETCATALOG_COMPILER_APPICON_NAME = AppIcon;
				ASSETCATALOG_COMPILER_GLOBAL_ACCENT_COLOR_NAME = AccentColor;
				CODE_SIGN_STYLE = Automatic;
				DEVELOPMENT_TEAM = 7449R7248Z;
				INFOPLIST_FILE = Friends/Info.plist;
				LD_RUNPATH_SEARCH_PATHS = (
					"$(inherited)",
					"@executable_path/Frameworks",
				);
				PRODUCT_BUNDLE_IDENTIFIER = com.Friends;
				PRODUCT_NAME = "$(TARGET_NAME)";
				SWIFT_VERSION = 5.0;
				TARGETED_DEVICE_FAMILY = "1,2";
			};
			name = Debug;
		};
		713F00AA265758EA0000AE0D /* Release */ = {
			isa = XCBuildConfiguration;
			buildSettings = {
				ASSETCATALOG_COMPILER_APPICON_NAME = AppIcon;
				ASSETCATALOG_COMPILER_GLOBAL_ACCENT_COLOR_NAME = AccentColor;
				CODE_SIGN_STYLE = Automatic;
				DEVELOPMENT_TEAM = 7449R7248Z;
				INFOPLIST_FILE = Friends/Info.plist;
				LD_RUNPATH_SEARCH_PATHS = (
					"$(inherited)",
					"@executable_path/Frameworks",
				);
				PRODUCT_BUNDLE_IDENTIFIER = com.Friends;
				PRODUCT_NAME = "$(TARGET_NAME)";
				SWIFT_VERSION = 5.0;
				TARGETED_DEVICE_FAMILY = "1,2";
			};
			name = Release;
		};
/* End XCBuildConfiguration section */

/* Begin XCConfigurationList section */
		713F008F265758EA0000AE0D /* Build configuration list for PBXProject "Friends" */ = {
			isa = XCConfigurationList;
			buildConfigurations = (
				713F00A6265758EA0000AE0D /* Debug */,
				713F00A7265758EA0000AE0D /* Release */,
			);
			defaultConfigurationIsVisible = 0;
			defaultConfigurationName = Release;
		};
		713F00A8265758EA0000AE0D /* Build configuration list for PBXNativeTarget "Friends" */ = {
			isa = XCConfigurationList;
			buildConfigurations = (
				713F00A9265758EA0000AE0D /* Debug */,
				713F00AA265758EA0000AE0D /* Release */,
			);
			defaultConfigurationIsVisible = 0;
			defaultConfigurationName = Release;
		};
/* End XCConfigurationList section */
	};
	rootObject = 713F008C265758EA0000AE0D /* Project object */;
}
